
Microsoft Visual Studio Solution File, Format Version 12.00
# Visual Studio Version 16
VisualStudioVersion = 16.0.29728.190
MinimumVisualStudioVersion = 10.0.40219.1
Project("{9A19103F-16F7-4668-BE54-9A1E7A4F7556}") = "AircashWeb", "AircashWeb\AircashWeb.csproj", "{4C5CD0EB-A145-44C6-A87D-C3B471595BAD}"
EndProject
Project("{2150E333-8FDC-42A3-9474-1A3956D46DE8}") = "UI", "UI", "{878FCAF3-CC7F-4F94-9C54-4B1B9BB526DC}"
EndProject
Project("{2150E333-8FDC-42A3-9474-1A3956D46DE8}") = "Data", "Data", "{3532493A-C550-4EE3-87E6-DAC96B57AFA3}"
EndProject
Project("{2150E333-8FDC-42A3-9474-1A3956D46DE8}") = "Services", "Services", "{5C93D073-805C-4737-A762-F682CAA41BA0}"
EndProject
Project("{2150E333-8FDC-42A3-9474-1A3956D46DE8}") = "UnitTest", "UnitTest", "{D8C11212-6889-4C65-9310-8B0AFA8D2048}"
EndProject
Project("{2150E333-8FDC-42A3-9474-1A3956D46DE8}") = "Utils", "Utils", "{7F8391E8-C14B-4E7D-B28C-E893097D7626}"
EndProject
Project("{2150E333-8FDC-42A3-9474-1A3956D46DE8}") = "Interface", "Interface", "{3AC45780-32EF-48FF-A8DD-8832B9070D3B}"
EndProject
Project("{9A19103F-16F7-4668-BE54-9A1E7A4F7556}") = "Aircash.Data.Model", "Aircash.Data.Model\Aircash.Data.Model.csproj", "{D7C1E022-37BB-4E47-8BDB-C003CDCFE23E}"
EndProject
Project("{9A19103F-16F7-4668-BE54-9A1E7A4F7556}") = "Aircash.Data.ORM", "Aircash.Data.ORM\Aircash.Data.ORM.csproj", "{343DBB6B-DA1B-4FCA-BA93-178D9017BA22}"
EndProject
Project("{9A19103F-16F7-4668-BE54-9A1E7A4F7556}") = "Aircash.Data.Repository", "Aircash.Data.Repository\Aircash.Data.Repository.csproj", "{D97FCF1E-317E-4E70-844E-7416480AC349}"
EndProject
Project("{9A19103F-16F7-4668-BE54-9A1E7A4F7556}") = "Aircash.Interface", "Aircash.Interface\Aircash.Interface.csproj", "{B60E0361-F638-437E-B3E9-214A249A6026}"
EndProject
Project("{9A19103F-16F7-4668-BE54-9A1E7A4F7556}") = "Aircash.Services.GooglePlaceApi", "Aircash.Services.GooglePlaceApi\Aircash.Services.GooglePlaceApi.csproj", "{1CB9C6EB-6943-4404-B9D1-C647DF5F360A}"
EndProject
Project("{2150E333-8FDC-42A3-9474-1A3956D46DE8}") = "Shared", "Shared", "{F1B0F9E2-5E30-4767-AD8C-6DF3960D4E9F}"
EndProject
Project("{FAE04EC0-301F-11D3-BF4B-00C04F79EFBC}") = "Aircash.Utils.AOP", "Aircash.Utils.AOP\Aircash.Utils.AOP.csproj", "{7BA14315-8E67-4AF0-82EE-F5A1AA2AB294}"
EndProject
Project("{FAE04EC0-301F-11D3-BF4B-00C04F79EFBC}") = "Aircash.UnitTest.Services", "Aircash.UnitTest.Services\Aircash.UnitTest.Services.csproj", "{4B12DA02-C807-4E4D-A324-BB52BB7C6176}"
EndProject
Project("{FAE04EC0-301F-11D3-BF4B-00C04F79EFBC}") = "Aircash.Shared.Components", "Aircash.Shared.Components\Aircash.Shared.Components.csproj", "{7D341527-E1C3-4AEF-8574-50019BD7FCC8}"
EndProject
Global
	GlobalSection(SolutionConfigurationPlatforms) = preSolution
		Debug|Any CPU = Debug|Any CPU
		Release|Any CPU = Release|Any CPU
	EndGlobalSection
	GlobalSection(ProjectConfigurationPlatforms) = postSolution
		{4C5CD0EB-A145-44C6-A87D-C3B471595BAD}.Debug|Any CPU.ActiveCfg = Debug|Any CPU
		{4C5CD0EB-A145-44C6-A87D-C3B471595BAD}.Debug|Any CPU.Build.0 = Debug|Any CPU
		{4C5CD0EB-A145-44C6-A87D-C3B471595BAD}.Release|Any CPU.ActiveCfg = Release|Any CPU
		{4C5CD0EB-A145-44C6-A87D-C3B471595BAD}.Release|Any CPU.Build.0 = Release|Any CPU
		{D7C1E022-37BB-4E47-8BDB-C003CDCFE23E}.Debug|Any CPU.ActiveCfg = Debug|Any CPU
		{D7C1E022-37BB-4E47-8BDB-C003CDCFE23E}.Debug|Any CPU.Build.0 = Debug|Any CPU
		{D7C1E022-37BB-4E47-8BDB-C003CDCFE23E}.Release|Any CPU.ActiveCfg = Release|Any CPU
		{D7C1E022-37BB-4E47-8BDB-C003CDCFE23E}.Release|Any CPU.Build.0 = Release|Any CPU
		{343DBB6B-DA1B-4FCA-BA93-178D9017BA22}.Debug|Any CPU.ActiveCfg = Debug|Any CPU
		{343DBB6B-DA1B-4FCA-BA93-178D9017BA22}.Debug|Any CPU.Build.0 = Debug|Any CPU
		{343DBB6B-DA1B-4FCA-BA93-178D9017BA22}.Release|Any CPU.ActiveCfg = Release|Any CPU
		{343DBB6B-DA1B-4FCA-BA93-178D9017BA22}.Release|Any CPU.Build.0 = Release|Any CPU
		{D97FCF1E-317E-4E70-844E-7416480AC349}.Debug|Any CPU.ActiveCfg = Debug|Any CPU
		{D97FCF1E-317E-4E70-844E-7416480AC349}.Debug|Any CPU.Build.0 = Debug|Any CPU
		{D97FCF1E-317E-4E70-844E-7416480AC349}.Release|Any CPU.ActiveCfg = Release|Any CPU
		{D97FCF1E-317E-4E70-844E-7416480AC349}.Release|Any CPU.Build.0 = Release|Any CPU
		{B60E0361-F638-437E-B3E9-214A249A6026}.Debug|Any CPU.ActiveCfg = Debug|Any CPU
		{B60E0361-F638-437E-B3E9-214A249A6026}.Debug|Any CPU.Build.0 = Debug|Any CPU
		{B60E0361-F638-437E-B3E9-214A249A6026}.Release|Any CPU.ActiveCfg = Release|Any CPU
		{B60E0361-F638-437E-B3E9-214A249A6026}.Release|Any CPU.Build.0 = Release|Any CPU
		{1CB9C6EB-6943-4404-B9D1-C647DF5F360A}.Debug|Any CPU.ActiveCfg = Debug|Any CPU
		{1CB9C6EB-6943-4404-B9D1-C647DF5F360A}.Debug|Any CPU.Build.0 = Debug|Any CPU
		{1CB9C6EB-6943-4404-B9D1-C647DF5F360A}.Release|Any CPU.ActiveCfg = Release|Any CPU
		{1CB9C6EB-6943-4404-B9D1-C647DF5F360A}.Release|Any CPU.Build.0 = Release|Any CPU
		{7BA14315-8E67-4AF0-82EE-F5A1AA2AB294}.Debug|Any CPU.ActiveCfg = Debug|Any CPU
		{7BA14315-8E67-4AF0-82EE-F5A1AA2AB294}.Debug|Any CPU.Build.0 = Debug|Any CPU
		{7BA14315-8E67-4AF0-82EE-F5A1AA2AB294}.Release|Any CPU.ActiveCfg = Release|Any CPU
		{7BA14315-8E67-4AF0-82EE-F5A1AA2AB294}.Release|Any CPU.Build.0 = Release|Any CPU
		{4B12DA02-C807-4E4D-A324-BB52BB7C6176}.Debug|Any CPU.ActiveCfg = Debug|Any CPU
		{4B12DA02-C807-4E4D-A324-BB52BB7C6176}.Debug|Any CPU.Build.0 = Debug|Any CPU
		{4B12DA02-C807-4E4D-A324-BB52BB7C6176}.Release|Any CPU.ActiveCfg = Release|Any CPU
		{4B12DA02-C807-4E4D-A324-BB52BB7C6176}.Release|Any CPU.Build.0 = Release|Any CPU
		{7D341527-E1C3-4AEF-8574-50019BD7FCC8}.Debug|Any CPU.ActiveCfg = Debug|Any CPU
		{7D341527-E1C3-4AEF-8574-50019BD7FCC8}.Debug|Any CPU.Build.0 = Debug|Any CPU
		{7D341527-E1C3-4AEF-8574-50019BD7FCC8}.Release|Any CPU.ActiveCfg = Release|Any CPU
		{7D341527-E1C3-4AEF-8574-50019BD7FCC8}.Release|Any CPU.Build.0 = Release|Any CPU
	EndGlobalSection
	GlobalSection(SolutionProperties) = preSolution
		HideSolutionNode = FALSE
	EndGlobalSection
	GlobalSection(NestedProjects) = preSolution
		{4C5CD0EB-A145-44C6-A87D-C3B471595BAD} = {878FCAF3-CC7F-4F94-9C54-4B1B9BB526DC}
		{D7C1E022-37BB-4E47-8BDB-C003CDCFE23E} = {3532493A-C550-4EE3-87E6-DAC96B57AFA3}
		{343DBB6B-DA1B-4FCA-BA93-178D9017BA22} = {3532493A-C550-4EE3-87E6-DAC96B57AFA3}
		{D97FCF1E-317E-4E70-844E-7416480AC349} = {3532493A-C550-4EE3-87E6-DAC96B57AFA3}
		{B60E0361-F638-437E-B3E9-214A249A6026} = {3AC45780-32EF-48FF-A8DD-8832B9070D3B}
		{1CB9C6EB-6943-4404-B9D1-C647DF5F360A} = {5C93D073-805C-4737-A762-F682CAA41BA0}
		{7BA14315-8E67-4AF0-82EE-F5A1AA2AB294} = {7F8391E8-C14B-4E7D-B28C-E893097D7626}
		{4B12DA02-C807-4E4D-A324-BB52BB7C6176} = {D8C11212-6889-4C65-9310-8B0AFA8D2048}
		{7D341527-E1C3-4AEF-8574-50019BD7FCC8} = {F1B0F9E2-5E30-4767-AD8C-6DF3960D4E9F}
	EndGlobalSection
	GlobalSection(ExtensibilityGlobals) = postSolution
		SolutionGuid = {43E81747-FC28-43CA-BE0D-087B4825CA66}
	EndGlobalSection
EndGlobal
